// !$*UTF8*$!
{
	archiveVersion = 1;
	classes = {
	};
	objectVersion = 46;
	objects = {

/* Begin PBXBuildFile section */
		3C3A12B3B254DCD240A5C9F8 /* Pods_FilhoopsTests.framework in Frameworks */ = {isa = PBXBuildFile; fileRef = 3A50DE69EB48AB51B6A05974 /* Pods_FilhoopsTests.framework */; };
		53E5B416386C166361948055 /* Pods_FilhoopsUITests.framework in Frameworks */ = {isa = PBXBuildFile; fileRef = EE6B7551710AA03A9A2FC3F9 /* Pods_FilhoopsUITests.framework */; };
		D20C681F94CCE29873277BA0 /* Pods_Filhoops.framework in Frameworks */ = {isa = PBXBuildFile; fileRef = D315F3017F10B81495BBB506 /* Pods_Filhoops.framework */; };
		D912BB411DE1048E00706DD0 /* HomeVC.swift in Sources */ = {isa = PBXBuildFile; fileRef = D912BB401DE1048E00706DD0 /* HomeVC.swift */; };
		D914BF9D1DF2F34B00837DBB /* Player.swift in Sources */ = {isa = PBXBuildFile; fileRef = D914BF9C1DF2F34B00837DBB /* Player.swift */; };
		D91BB9901DF256C900C735DA /* TeamGameDataCell.swift in Sources */ = {isa = PBXBuildFile; fileRef = D91BB98F1DF256C900C735DA /* TeamGameDataCell.swift */; };
		D91BD7CF1DD85784008F8EAE /* GoogleService-Info.plist in Resources */ = {isa = PBXBuildFile; fileRef = D91BD7CE1DD85784008F8EAE /* GoogleService-Info.plist */; };
		D92A5F0F1DED1C46009AFFA1 /* DataService.swift in Sources */ = {isa = PBXBuildFile; fileRef = D92A5F0E1DED1C46009AFFA1 /* DataService.swift */; };
		D92AFBF91DF2B38C008D2992 /* SignUpVC.swift in Sources */ = {isa = PBXBuildFile; fileRef = D92AFBF81DF2B38C008D2992 /* SignUpVC.swift */; };
		D92AFBFB1DF2BE91008D2992 /* Team.swift in Sources */ = {isa = PBXBuildFile; fileRef = D92AFBFA1DF2BE91008D2992 /* Team.swift */; };
		D93BD9D11DEA74B600C12E45 /* Constants.swift in Sources */ = {isa = PBXBuildFile; fileRef = D93BD9D01DEA74B600C12E45 /* Constants.swift */; };
		D93BD9D41DEA765D00C12E45 /* CustomButton.swift in Sources */ = {isa = PBXBuildFile; fileRef = D93BD9D31DEA765D00C12E45 /* CustomButton.swift */; };
		D93BD9D61DEA897600C12E45 /* RoundButton.swift in Sources */ = {isa = PBXBuildFile; fileRef = D93BD9D51DEA897600C12E45 /* RoundButton.swift */; };
		D94A38911DE11EFB00B239B2 /* TabBarVC.swift in Sources */ = {isa = PBXBuildFile; fileRef = D94A38901DE11EFB00B239B2 /* TabBarVC.swift */; };
		D950BEBE1E0713070077ED1E /* AUTHPlayerCell.swift in Sources */ = {isa = PBXBuildFile; fileRef = D950BEBD1E0713070077ED1E /* AUTHPlayerCell.swift */; };
		D9577E131DFF4BCA00508CCA /* AUTHGameVC.swift in Sources */ = {isa = PBXBuildFile; fileRef = D9577E121DFF4BCA00508CCA /* AUTHGameVC.swift */; };
		D966F7BE1DEA73EF0003D160 /* CustomTextField.swift in Sources */ = {isa = PBXBuildFile; fileRef = D966F7BD1DEA73EF0003D160 /* CustomTextField.swift */; };
		D989648F1DE116CC00B3AD41 /* PlayerVC.swift in Sources */ = {isa = PBXBuildFile; fileRef = D989648E1DE116CC00B3AD41 /* PlayerVC.swift */; };
		D98BCD031DFD96CB004455F3 /* PlayerOfTheWeekVC.swift in Sources */ = {isa = PBXBuildFile; fileRef = D98BCD021DFD96CB004455F3 /* PlayerOfTheWeekVC.swift */; };
		D98BCD131DFDA3EA004455F3 /* Game.swift in Sources */ = {isa = PBXBuildFile; fileRef = D98BCD121DFDA3EA004455F3 /* Game.swift */; };
		D9A5674B1E25438E003F8757 /* LeaderboardsVC.swift in Sources */ = {isa = PBXBuildFile; fileRef = D9A5674A1E25438E003F8757 /* LeaderboardsVC.swift */; };
		D9A5674D1E255127003F8757 /* LeaderboardPlayerCell.swift in Sources */ = {isa = PBXBuildFile; fileRef = D9A5674C1E255127003F8757 /* LeaderboardPlayerCell.swift */; };
		D9B02E0A1E01F8BC00042476 /* AUTHGameCell.swift in Sources */ = {isa = PBXBuildFile; fileRef = D9B02E091E01F8BC00042476 /* AUTHGameCell.swift */; };
		D9B124DF1E0087260080182E /* AUTHCalendarVC.swift in Sources */ = {isa = PBXBuildFile; fileRef = D9B124DE1E0087260080182E /* AUTHCalendarVC.swift */; };
		D9B124E11E00873B0080182E /* AUTHAddGameVC.swift in Sources */ = {isa = PBXBuildFile; fileRef = D9B124E01E00873B0080182E /* AUTHAddGameVC.swift */; };
		D9C4DDA11DED36C8005D16E0 /* CircleView.swift in Sources */ = {isa = PBXBuildFile; fileRef = D9C4DDA01DED36C8005D16E0 /* CircleView.swift */; };
		D9C4DDA51DED37DB005D16E0 /* CircleImageView.swift in Sources */ = {isa = PBXBuildFile; fileRef = D9C4DDA41DED37DB005D16E0 /* CircleImageView.swift */; };
		D9C4DDA71DED4974005D16E0 /* CustomView.swift in Sources */ = {isa = PBXBuildFile; fileRef = D9C4DDA61DED4974005D16E0 /* CustomView.swift */; };
		D9C4DDA91DEE4209005D16E0 /* GameDataCell.swift in Sources */ = {isa = PBXBuildFile; fileRef = D9C4DDA81DEE4209005D16E0 /* GameDataCell.swift */; };
		D9C4DDAB1DEE49C3005D16E0 /* Collection+Ext.swift in Sources */ = {isa = PBXBuildFile; fileRef = D9C4DDAA1DEE49C3005D16E0 /* Collection+Ext.swift */; };
		D9C836C11DF24B0B00263DBE /* PlayerCell.swift in Sources */ = {isa = PBXBuildFile; fileRef = D9C836C01DF24B0B00263DBE /* PlayerCell.swift */; };
		D9C836C31DF24B2800263DBE /* TeamVC.swift in Sources */ = {isa = PBXBuildFile; fileRef = D9C836C21DF24B2800263DBE /* TeamVC.swift */; };
		D9D8F4D31DFE0D1200BDAA6A /* AUTHAddTeamVC.swift in Sources */ = {isa = PBXBuildFile; fileRef = D9D8F4D21DFE0D1200BDAA6A /* AUTHAddTeamVC.swift */; };
		D9E803551E01B68200711546 /* Date + Ext.swift in Sources */ = {isa = PBXBuildFile; fileRef = D9E803541E01B68200711546 /* Date + Ext.swift */; };
		D9FCB2221DD83A2C00AF6BB7 /* AppDelegate.swift in Sources */ = {isa = PBXBuildFile; fileRef = D9FCB2211DD83A2C00AF6BB7 /* AppDelegate.swift */; };
		D9FCB2241DD83A2C00AF6BB7 /* LoginVC.swift in Sources */ = {isa = PBXBuildFile; fileRef = D9FCB2231DD83A2C00AF6BB7 /* LoginVC.swift */; };
		D9FCB2271DD83A2C00AF6BB7 /* Main.storyboard in Resources */ = {isa = PBXBuildFile; fileRef = D9FCB2251DD83A2C00AF6BB7 /* Main.storyboard */; };
		D9FCB2291DD83A2C00AF6BB7 /* Assets.xcassets in Resources */ = {isa = PBXBuildFile; fileRef = D9FCB2281DD83A2C00AF6BB7 /* Assets.xcassets */; };
		D9FCB22C1DD83A2C00AF6BB7 /* LaunchScreen.storyboard in Resources */ = {isa = PBXBuildFile; fileRef = D9FCB22A1DD83A2C00AF6BB7 /* LaunchScreen.storyboard */; };
		D9FCB2421DD83A2C00AF6BB7 /* FilhoopsUITests.swift in Sources */ = {isa = PBXBuildFile; fileRef = D9FCB2411DD83A2C00AF6BB7 /* FilhoopsUITests.swift */; };
/* End PBXBuildFile section */

/* Begin PBXContainerItemProxy section */
		D9FCB2331DD83A2C00AF6BB7 /* PBXContainerItemProxy */ = {
			isa = PBXContainerItemProxy;
			containerPortal = D9FCB2161DD83A2C00AF6BB7 /* Project object */;
			proxyType = 1;
			remoteGlobalIDString = D9FCB21D1DD83A2C00AF6BB7;
			remoteInfo = Filhoops;
		};
		D9FCB23E1DD83A2C00AF6BB7 /* PBXContainerItemProxy */ = {
			isa = PBXContainerItemProxy;
			containerPortal = D9FCB2161DD83A2C00AF6BB7 /* Project object */;
			proxyType = 1;
			remoteGlobalIDString = D9FCB21D1DD83A2C00AF6BB7;
			remoteInfo = Filhoops;
		};
/* End PBXContainerItemProxy section */

/* Begin PBXFileReference section */
		30F50BCB011E37A7468669C2 /* Pods-FilhoopsUITests.release.xcconfig */ = {isa = PBXFileReference; includeInIndex = 1; lastKnownFileType = text.xcconfig; name = "Pods-FilhoopsUITests.release.xcconfig"; path = "Pods/Target Support Files/Pods-FilhoopsUITests/Pods-FilhoopsUITests.release.xcconfig"; sourceTree = "<group>"; };
		36E405CC2EB6B24EF62947A2 /* Pods-FilhoopsTests.release.xcconfig */ = {isa = PBXFileReference; includeInIndex = 1; lastKnownFileType = text.xcconfig; name = "Pods-FilhoopsTests.release.xcconfig"; path = "Pods/Target Support Files/Pods-FilhoopsTests/Pods-FilhoopsTests.release.xcconfig"; sourceTree = "<group>"; };
		3A50DE69EB48AB51B6A05974 /* Pods_FilhoopsTests.framework */ = {isa = PBXFileReference; explicitFileType = wrapper.framework; includeInIndex = 0; path = Pods_FilhoopsTests.framework; sourceTree = BUILT_PRODUCTS_DIR; };
		9C7472E31CE46E39D267AD81 /* Pods-Filhoops.release.xcconfig */ = {isa = PBXFileReference; includeInIndex = 1; lastKnownFileType = text.xcconfig; name = "Pods-Filhoops.release.xcconfig"; path = "Pods/Target Support Files/Pods-Filhoops/Pods-Filhoops.release.xcconfig"; sourceTree = "<group>"; };
		A8CAFE8F90F108AEC1F482E4 /* Pods-Filhoops.debug.xcconfig */ = {isa = PBXFileReference; includeInIndex = 1; lastKnownFileType = text.xcconfig; name = "Pods-Filhoops.debug.xcconfig"; path = "Pods/Target Support Files/Pods-Filhoops/Pods-Filhoops.debug.xcconfig"; sourceTree = "<group>"; };
		B7015616C2CD000C228E6AC6 /* Pods-FilhoopsTests.debug.xcconfig */ = {isa = PBXFileReference; includeInIndex = 1; lastKnownFileType = text.xcconfig; name = "Pods-FilhoopsTests.debug.xcconfig"; path = "Pods/Target Support Files/Pods-FilhoopsTests/Pods-FilhoopsTests.debug.xcconfig"; sourceTree = "<group>"; };
		D315F3017F10B81495BBB506 /* Pods_Filhoops.framework */ = {isa = PBXFileReference; explicitFileType = wrapper.framework; includeInIndex = 0; path = Pods_Filhoops.framework; sourceTree = BUILT_PRODUCTS_DIR; };
		D912BB401DE1048E00706DD0 /* HomeVC.swift */ = {isa = PBXFileReference; fileEncoding = 4; lastKnownFileType = sourcecode.swift; path = HomeVC.swift; sourceTree = "<group>"; };
		D914BF9C1DF2F34B00837DBB /* Player.swift */ = {isa = PBXFileReference; fileEncoding = 4; lastKnownFileType = sourcecode.swift; path = Player.swift; sourceTree = "<group>"; };
		D91BB98F1DF256C900C735DA /* TeamGameDataCell.swift */ = {isa = PBXFileReference; fileEncoding = 4; lastKnownFileType = sourcecode.swift; path = TeamGameDataCell.swift; sourceTree = "<group>"; };
		D91BD7CE1DD85784008F8EAE /* GoogleService-Info.plist */ = {isa = PBXFileReference; fileEncoding = 4; lastKnownFileType = text.plist.xml; path = "GoogleService-Info.plist"; sourceTree = "<group>"; };
		D92A5F0E1DED1C46009AFFA1 /* DataService.swift */ = {isa = PBXFileReference; fileEncoding = 4; lastKnownFileType = sourcecode.swift; path = DataService.swift; sourceTree = "<group>"; };
		D92AFBF81DF2B38C008D2992 /* SignUpVC.swift */ = {isa = PBXFileReference; fileEncoding = 4; lastKnownFileType = sourcecode.swift; path = SignUpVC.swift; sourceTree = "<group>"; };
		D92AFBFA1DF2BE91008D2992 /* Team.swift */ = {isa = PBXFileReference; fileEncoding = 4; lastKnownFileType = sourcecode.swift; path = Team.swift; sourceTree = "<group>"; };
		D93BD9D01DEA74B600C12E45 /* Constants.swift */ = {isa = PBXFileReference; fileEncoding = 4; lastKnownFileType = sourcecode.swift; path = Constants.swift; sourceTree = "<group>"; };
		D93BD9D31DEA765D00C12E45 /* CustomButton.swift */ = {isa = PBXFileReference; fileEncoding = 4; lastKnownFileType = sourcecode.swift; path = CustomButton.swift; sourceTree = "<group>"; };
		D93BD9D51DEA897600C12E45 /* RoundButton.swift */ = {isa = PBXFileReference; fileEncoding = 4; lastKnownFileType = sourcecode.swift; path = RoundButton.swift; sourceTree = "<group>"; };
		D94A38901DE11EFB00B239B2 /* TabBarVC.swift */ = {isa = PBXFileReference; fileEncoding = 4; lastKnownFileType = sourcecode.swift; path = TabBarVC.swift; sourceTree = "<group>"; };
		D950BEBD1E0713070077ED1E /* AUTHPlayerCell.swift */ = {isa = PBXFileReference; fileEncoding = 4; lastKnownFileType = sourcecode.swift; path = AUTHPlayerCell.swift; sourceTree = "<group>"; };
		D9577E121DFF4BCA00508CCA /* AUTHGameVC.swift */ = {isa = PBXFileReference; fileEncoding = 4; lastKnownFileType = sourcecode.swift; path = AUTHGameVC.swift; sourceTree = "<group>"; };
		D966F7BD1DEA73EF0003D160 /* CustomTextField.swift */ = {isa = PBXFileReference; fileEncoding = 4; lastKnownFileType = sourcecode.swift; path = CustomTextField.swift; sourceTree = "<group>"; };
		D989648E1DE116CC00B3AD41 /* PlayerVC.swift */ = {isa = PBXFileReference; fileEncoding = 4; lastKnownFileType = sourcecode.swift; path = PlayerVC.swift; sourceTree = "<group>"; };
		D98BCD021DFD96CB004455F3 /* PlayerOfTheWeekVC.swift */ = {isa = PBXFileReference; fileEncoding = 4; lastKnownFileType = sourcecode.swift; path = PlayerOfTheWeekVC.swift; sourceTree = "<group>"; };
		D98BCD121DFDA3EA004455F3 /* Game.swift */ = {isa = PBXFileReference; fileEncoding = 4; lastKnownFileType = sourcecode.swift; path = Game.swift; sourceTree = "<group>"; };
		D9A5674A1E25438E003F8757 /* LeaderboardsVC.swift */ = {isa = PBXFileReference; fileEncoding = 4; lastKnownFileType = sourcecode.swift; path = LeaderboardsVC.swift; sourceTree = "<group>"; };
		D9A5674C1E255127003F8757 /* LeaderboardPlayerCell.swift */ = {isa = PBXFileReference; fileEncoding = 4; lastKnownFileType = sourcecode.swift; path = LeaderboardPlayerCell.swift; sourceTree = "<group>"; };
		D9B02E091E01F8BC00042476 /* AUTHGameCell.swift */ = {isa = PBXFileReference; fileEncoding = 4; lastKnownFileType = sourcecode.swift; path = AUTHGameCell.swift; sourceTree = "<group>"; };
		D9B124DE1E0087260080182E /* AUTHCalendarVC.swift */ = {isa = PBXFileReference; fileEncoding = 4; lastKnownFileType = sourcecode.swift; path = AUTHCalendarVC.swift; sourceTree = "<group>"; };
		D9B124E01E00873B0080182E /* AUTHAddGameVC.swift */ = {isa = PBXFileReference; fileEncoding = 4; lastKnownFileType = sourcecode.swift; path = AUTHAddGameVC.swift; sourceTree = "<group>"; };
		D9BE06E51DD850EF00B4B87D /* Filhoops.entitlements */ = {isa = PBXFileReference; lastKnownFileType = text.plist.entitlements; path = Filhoops.entitlements; sourceTree = "<group>"; };
		D9C4DDA01DED36C8005D16E0 /* CircleView.swift */ = {isa = PBXFileReference; fileEncoding = 4; lastKnownFileType = sourcecode.swift; path = CircleView.swift; sourceTree = "<group>"; };
		D9C4DDA41DED37DB005D16E0 /* CircleImageView.swift */ = {isa = PBXFileReference; fileEncoding = 4; lastKnownFileType = sourcecode.swift; path = CircleImageView.swift; sourceTree = "<group>"; };
		D9C4DDA61DED4974005D16E0 /* CustomView.swift */ = {isa = PBXFileReference; fileEncoding = 4; lastKnownFileType = sourcecode.swift; path = CustomView.swift; sourceTree = "<group>"; };
		D9C4DDA81DEE4209005D16E0 /* GameDataCell.swift */ = {isa = PBXFileReference; fileEncoding = 4; lastKnownFileType = sourcecode.swift; path = GameDataCell.swift; sourceTree = "<group>"; };
		D9C4DDAA1DEE49C3005D16E0 /* Collection+Ext.swift */ = {isa = PBXFileReference; fileEncoding = 4; lastKnownFileType = sourcecode.swift; path = "Collection+Ext.swift"; sourceTree = "<group>"; };
		D9C836C01DF24B0B00263DBE /* PlayerCell.swift */ = {isa = PBXFileReference; fileEncoding = 4; lastKnownFileType = sourcecode.swift; path = PlayerCell.swift; sourceTree = "<group>"; };
		D9C836C21DF24B2800263DBE /* TeamVC.swift */ = {isa = PBXFileReference; fileEncoding = 4; lastKnownFileType = sourcecode.swift; path = TeamVC.swift; sourceTree = "<group>"; };
		D9D8F4D21DFE0D1200BDAA6A /* AUTHAddTeamVC.swift */ = {isa = PBXFileReference; fileEncoding = 4; lastKnownFileType = sourcecode.swift; path = AUTHAddTeamVC.swift; sourceTree = "<group>"; };
		D9E803541E01B68200711546 /* Date + Ext.swift */ = {isa = PBXFileReference; fileEncoding = 4; lastKnownFileType = sourcecode.swift; path = "Date + Ext.swift"; sourceTree = "<group>"; };
		D9FCB21E1DD83A2C00AF6BB7 /* Filhoops.app */ = {isa = PBXFileReference; explicitFileType = wrapper.application; includeInIndex = 0; path = Filhoops.app; sourceTree = BUILT_PRODUCTS_DIR; };
		D9FCB2211DD83A2C00AF6BB7 /* AppDelegate.swift */ = {isa = PBXFileReference; lastKnownFileType = sourcecode.swift; path = AppDelegate.swift; sourceTree = "<group>"; };
		D9FCB2231DD83A2C00AF6BB7 /* LoginVC.swift */ = {isa = PBXFileReference; lastKnownFileType = sourcecode.swift; path = LoginVC.swift; sourceTree = "<group>"; };
		D9FCB2261DD83A2C00AF6BB7 /* Base */ = {isa = PBXFileReference; lastKnownFileType = file.storyboard; name = Base; path = Base.lproj/Main.storyboard; sourceTree = "<group>"; };
		D9FCB2281DD83A2C00AF6BB7 /* Assets.xcassets */ = {isa = PBXFileReference; lastKnownFileType = folder.assetcatalog; path = Assets.xcassets; sourceTree = "<group>"; };
		D9FCB22B1DD83A2C00AF6BB7 /* Base */ = {isa = PBXFileReference; lastKnownFileType = file.storyboard; name = Base; path = Base.lproj/LaunchScreen.storyboard; sourceTree = "<group>"; };
		D9FCB22D1DD83A2C00AF6BB7 /* Info.plist */ = {isa = PBXFileReference; lastKnownFileType = text.plist.xml; path = Info.plist; sourceTree = "<group>"; };
		D9FCB2321DD83A2C00AF6BB7 /* FilhoopsTests.xctest */ = {isa = PBXFileReference; explicitFileType = wrapper.cfbundle; includeInIndex = 0; path = FilhoopsTests.xctest; sourceTree = BUILT_PRODUCTS_DIR; };
		D9FCB2381DD83A2C00AF6BB7 /* Info.plist */ = {isa = PBXFileReference; lastKnownFileType = text.plist.xml; path = Info.plist; sourceTree = "<group>"; };
		D9FCB23D1DD83A2C00AF6BB7 /* FilhoopsUITests.xctest */ = {isa = PBXFileReference; explicitFileType = wrapper.cfbundle; includeInIndex = 0; path = FilhoopsUITests.xctest; sourceTree = BUILT_PRODUCTS_DIR; };
		D9FCB2411DD83A2C00AF6BB7 /* FilhoopsUITests.swift */ = {isa = PBXFileReference; lastKnownFileType = sourcecode.swift; path = FilhoopsUITests.swift; sourceTree = "<group>"; };
		D9FCB2431DD83A2C00AF6BB7 /* Info.plist */ = {isa = PBXFileReference; lastKnownFileType = text.plist.xml; path = Info.plist; sourceTree = "<group>"; };
		DDFC9F2F79C3D28FED99E6AD /* Pods-FilhoopsUITests.debug.xcconfig */ = {isa = PBXFileReference; includeInIndex = 1; lastKnownFileType = text.xcconfig; name = "Pods-FilhoopsUITests.debug.xcconfig"; path = "Pods/Target Support Files/Pods-FilhoopsUITests/Pods-FilhoopsUITests.debug.xcconfig"; sourceTree = "<group>"; };
		EE6B7551710AA03A9A2FC3F9 /* Pods_FilhoopsUITests.framework */ = {isa = PBXFileReference; explicitFileType = wrapper.framework; includeInIndex = 0; path = Pods_FilhoopsUITests.framework; sourceTree = BUILT_PRODUCTS_DIR; };
/* End PBXFileReference section */

/* Begin PBXFrameworksBuildPhase section */
		D9FCB21B1DD83A2C00AF6BB7 /* Frameworks */ = {
			isa = PBXFrameworksBuildPhase;
			buildActionMask = 2147483647;
			files = (
				D20C681F94CCE29873277BA0 /* Pods_Filhoops.framework in Frameworks */,
			);
			runOnlyForDeploymentPostprocessing = 0;
		};
		D9FCB22F1DD83A2C00AF6BB7 /* Frameworks */ = {
			isa = PBXFrameworksBuildPhase;
			buildActionMask = 2147483647;
			files = (
				3C3A12B3B254DCD240A5C9F8 /* Pods_FilhoopsTests.framework in Frameworks */,
			);
			runOnlyForDeploymentPostprocessing = 0;
		};
		D9FCB23A1DD83A2C00AF6BB7 /* Frameworks */ = {
			isa = PBXFrameworksBuildPhase;
			buildActionMask = 2147483647;
			files = (
				53E5B416386C166361948055 /* Pods_FilhoopsUITests.framework in Frameworks */,
			);
			runOnlyForDeploymentPostprocessing = 0;
		};
/* End PBXFrameworksBuildPhase section */

/* Begin PBXGroup section */
		9299FD72871C3602396DB36B /* Frameworks */ = {
			isa = PBXGroup;
			children = (
				D315F3017F10B81495BBB506 /* Pods_Filhoops.framework */,
				3A50DE69EB48AB51B6A05974 /* Pods_FilhoopsTests.framework */,
				EE6B7551710AA03A9A2FC3F9 /* Pods_FilhoopsUITests.framework */,
			);
			name = Frameworks;
			sourceTree = "<group>";
		};
		A061027C328399F934681BC2 /* Pods */ = {
			isa = PBXGroup;
			children = (
				A8CAFE8F90F108AEC1F482E4 /* Pods-Filhoops.debug.xcconfig */,
				9C7472E31CE46E39D267AD81 /* Pods-Filhoops.release.xcconfig */,
				B7015616C2CD000C228E6AC6 /* Pods-FilhoopsTests.debug.xcconfig */,
				36E405CC2EB6B24EF62947A2 /* Pods-FilhoopsTests.release.xcconfig */,
				DDFC9F2F79C3D28FED99E6AD /* Pods-FilhoopsUITests.debug.xcconfig */,
				30F50BCB011E37A7468669C2 /* Pods-FilhoopsUITests.release.xcconfig */,
			);
			name = Pods;
			sourceTree = "<group>";
		};
		D912BB391DE1041C00706DD0 /* Model */ = {
			isa = PBXGroup;
			children = (
				D92AFBFA1DF2BE91008D2992 /* Team.swift */,
				D914BF9C1DF2F34B00837DBB /* Player.swift */,
				D98BCD121DFDA3EA004455F3 /* Game.swift */,
			);
			name = Model;
			sourceTree = "<group>";
		};
		D912BB3A1DE1042200706DD0 /* View */ = {
			isa = PBXGroup;
			children = (
				D98BCD141DFDBDC1004455F3 /* Custom Views */,
				D98BCD151DFDBDDE004455F3 /* CustomCells */,
			);
			name = View;
			sourceTree = "<group>";
		};
		D912BB3B1DE1042700706DD0 /* Controller */ = {
			isa = PBXGroup;
			children = (
				D9D8F4D41DFE0D1900BDAA6A /* AuthorizedVC */,
				D98BCD001DFD950B004455F3 /* LoadingScreens */,
				D98BCCFF1DFD94E4004455F3 /* Tabs */,
				D94A38901DE11EFB00B239B2 /* TabBarVC.swift */,
				D9FCB2231DD83A2C00AF6BB7 /* LoginVC.swift */,
				D92AFBF81DF2B38C008D2992 /* SignUpVC.swift */,
			);
			name = Controller;
			sourceTree = "<group>";
		};
		D92A5F0D1DED1C1F009AFFA1 /* Utility */ = {
			isa = PBXGroup;
			children = (
				D92A5F0E1DED1C46009AFFA1 /* DataService.swift */,
			);
			name = Utility;
			sourceTree = "<group>";
		};
		D93BD9D21DEA74CE00C12E45 /* Constants */ = {
			isa = PBXGroup;
			children = (
				D93BD9D01DEA74B600C12E45 /* Constants.swift */,
			);
			name = Constants;
			sourceTree = "<group>";
		};
		D98BCCFF1DFD94E4004455F3 /* Tabs */ = {
			isa = PBXGroup;
			children = (
				D912BB401DE1048E00706DD0 /* HomeVC.swift */,
				D989648E1DE116CC00B3AD41 /* PlayerVC.swift */,
				D9C836C21DF24B2800263DBE /* TeamVC.swift */,
				D9A5674A1E25438E003F8757 /* LeaderboardsVC.swift */,
			);
			name = Tabs;
			sourceTree = "<group>";
		};
		D98BCD001DFD950B004455F3 /* LoadingScreens */ = {
			isa = PBXGroup;
			children = (
				D98BCD021DFD96CB004455F3 /* PlayerOfTheWeekVC.swift */,
			);
			name = LoadingScreens;
			sourceTree = "<group>";
		};
		D98BCD141DFDBDC1004455F3 /* Custom Views */ = {
			isa = PBXGroup;
			children = (
				D9C4DDA61DED4974005D16E0 /* CustomView.swift */,
				D966F7BD1DEA73EF0003D160 /* CustomTextField.swift */,
				D93BD9D31DEA765D00C12E45 /* CustomButton.swift */,
				D93BD9D51DEA897600C12E45 /* RoundButton.swift */,
				D9C4DDA01DED36C8005D16E0 /* CircleView.swift */,
				D9C4DDA41DED37DB005D16E0 /* CircleImageView.swift */,
			);
			name = "Custom Views";
			sourceTree = "<group>";
		};
		D98BCD151DFDBDDE004455F3 /* CustomCells */ = {
			isa = PBXGroup;
			children = (
				D91BB98F1DF256C900C735DA /* TeamGameDataCell.swift */,
				D9C836C01DF24B0B00263DBE /* PlayerCell.swift */,
				D9C4DDA81DEE4209005D16E0 /* GameDataCell.swift */,
				D9B02E091E01F8BC00042476 /* AUTHGameCell.swift */,
				D950BEBD1E0713070077ED1E /* AUTHPlayerCell.swift */,
				D9A5674C1E255127003F8757 /* LeaderboardPlayerCell.swift */,
			);
			name = CustomCells;
			sourceTree = "<group>";
		};
		D9C4DDAC1DEE49E1005D16E0 /* Extensions */ = {
			isa = PBXGroup;
			children = (
				D9C4DDAA1DEE49C3005D16E0 /* Collection+Ext.swift */,
				D9E803541E01B68200711546 /* Date + Ext.swift */,
			);
			name = Extensions;
			sourceTree = "<group>";
		};
		D9D8F4D41DFE0D1900BDAA6A /* AuthorizedVC */ = {
			isa = PBXGroup;
			children = (
				D9B124DE1E0087260080182E /* AUTHCalendarVC.swift */,
				D9577E121DFF4BCA00508CCA /* AUTHGameVC.swift */,
				D9D8F4D21DFE0D1200BDAA6A /* AUTHAddTeamVC.swift */,
				D9B124E01E00873B0080182E /* AUTHAddGameVC.swift */,
			);
			name = AuthorizedVC;
			sourceTree = "<group>";
		};
		D9FCB2151DD83A2C00AF6BB7 = {
			isa = PBXGroup;
			children = (
				D9FCB2201DD83A2C00AF6BB7 /* Filhoops */,
				D9FCB2351DD83A2C00AF6BB7 /* FilhoopsTests */,
				D9FCB2401DD83A2C00AF6BB7 /* FilhoopsUITests */,
				D9FCB21F1DD83A2C00AF6BB7 /* Products */,
				A061027C328399F934681BC2 /* Pods */,
				9299FD72871C3602396DB36B /* Frameworks */,
			);
			sourceTree = "<group>";
		};
		D9FCB21F1DD83A2C00AF6BB7 /* Products */ = {
			isa = PBXGroup;
			children = (
				D9FCB21E1DD83A2C00AF6BB7 /* Filhoops.app */,
				D9FCB2321DD83A2C00AF6BB7 /* FilhoopsTests.xctest */,
				D9FCB23D1DD83A2C00AF6BB7 /* FilhoopsUITests.xctest */,
			);
			name = Products;
			sourceTree = "<group>";
		};
		D9FCB2201DD83A2C00AF6BB7 /* Filhoops */ = {
			isa = PBXGroup;
			children = (
				D92A5F0D1DED1C1F009AFFA1 /* Utility */,
				D9C4DDAC1DEE49E1005D16E0 /* Extensions */,
				D93BD9D21DEA74CE00C12E45 /* Constants */,
				D912BB391DE1041C00706DD0 /* Model */,
				D912BB3A1DE1042200706DD0 /* View */,
				D912BB3B1DE1042700706DD0 /* Controller */,
				D9BE06E51DD850EF00B4B87D /* Filhoops.entitlements */,
				D9FCB2211DD83A2C00AF6BB7 /* AppDelegate.swift */,
				D9FCB2251DD83A2C00AF6BB7 /* Main.storyboard */,
				D9FCB2281DD83A2C00AF6BB7 /* Assets.xcassets */,
				D9FCB22A1DD83A2C00AF6BB7 /* LaunchScreen.storyboard */,
				D9FCB22D1DD83A2C00AF6BB7 /* Info.plist */,
				D91BD7CE1DD85784008F8EAE /* GoogleService-Info.plist */,
			);
			path = Filhoops;
			sourceTree = "<group>";
		};
		D9FCB2351DD83A2C00AF6BB7 /* FilhoopsTests */ = {
			isa = PBXGroup;
			children = (
				D9FCB2381DD83A2C00AF6BB7 /* Info.plist */,
			);
			path = FilhoopsTests;
			sourceTree = "<group>";
		};
		D9FCB2401DD83A2C00AF6BB7 /* FilhoopsUITests */ = {
			isa = PBXGroup;
			children = (
				D9FCB2411DD83A2C00AF6BB7 /* FilhoopsUITests.swift */,
				D9FCB2431DD83A2C00AF6BB7 /* Info.plist */,
			);
			path = FilhoopsUITests;
			sourceTree = "<group>";
		};
/* End PBXGroup section */

/* Begin PBXNativeTarget section */
		D9FCB21D1DD83A2C00AF6BB7 /* Filhoops */ = {
			isa = PBXNativeTarget;
			buildConfigurationList = D9FCB2461DD83A2C00AF6BB7 /* Build configuration list for PBXNativeTarget "Filhoops" */;
			buildPhases = (
				B14A155333D1A523C90EDB37 /* [CP] Check Pods Manifest.lock */,
				D9FCB21A1DD83A2C00AF6BB7 /* Sources */,
				D9FCB21B1DD83A2C00AF6BB7 /* Frameworks */,
				D9FCB21C1DD83A2C00AF6BB7 /* Resources */,
				0394663DE76754BB9437E83A /* [CP] Embed Pods Frameworks */,
				A133B174D864068326AE6EC4 /* [CP] Copy Pods Resources */,
			);
			buildRules = (
			);
			dependencies = (
			);
			name = Filhoops;
			productName = Filhoops;
			productReference = D9FCB21E1DD83A2C00AF6BB7 /* Filhoops.app */;
			productType = "com.apple.product-type.application";
		};
		D9FCB2311DD83A2C00AF6BB7 /* FilhoopsTests */ = {
			isa = PBXNativeTarget;
			buildConfigurationList = D9FCB2491DD83A2C00AF6BB7 /* Build configuration list for PBXNativeTarget "FilhoopsTests" */;
			buildPhases = (
				61BB7E9EFC46ACE3FFE615E1 /* [CP] Check Pods Manifest.lock */,
				D9FCB22E1DD83A2C00AF6BB7 /* Sources */,
				D9FCB22F1DD83A2C00AF6BB7 /* Frameworks */,
				D9FCB2301DD83A2C00AF6BB7 /* Resources */,
				D57F00F6872F08031FA33E1E /* [CP] Embed Pods Frameworks */,
				26AC71133BEBB99AEF571D98 /* [CP] Copy Pods Resources */,
			);
			buildRules = (
			);
			dependencies = (
				D9FCB2341DD83A2C00AF6BB7 /* PBXTargetDependency */,
			);
			name = FilhoopsTests;
			productName = FilhoopsTests;
			productReference = D9FCB2321DD83A2C00AF6BB7 /* FilhoopsTests.xctest */;
			productType = "com.apple.product-type.bundle.unit-test";
		};
		D9FCB23C1DD83A2C00AF6BB7 /* FilhoopsUITests */ = {
			isa = PBXNativeTarget;
			buildConfigurationList = D9FCB24C1DD83A2C00AF6BB7 /* Build configuration list for PBXNativeTarget "FilhoopsUITests" */;
			buildPhases = (
				2219393D279CD50A808D6FE0 /* [CP] Check Pods Manifest.lock */,
				D9FCB2391DD83A2C00AF6BB7 /* Sources */,
				D9FCB23A1DD83A2C00AF6BB7 /* Frameworks */,
				D9FCB23B1DD83A2C00AF6BB7 /* Resources */,
				9ADF74F548DE01536494C099 /* [CP] Copy Pods Resources */,
			);
			buildRules = (
			);
			dependencies = (
				D9FCB23F1DD83A2C00AF6BB7 /* PBXTargetDependency */,
			);
			name = FilhoopsUITests;
			productName = FilhoopsUITests;
			productReference = D9FCB23D1DD83A2C00AF6BB7 /* FilhoopsUITests.xctest */;
			productType = "com.apple.product-type.bundle.ui-testing";
		};
/* End PBXNativeTarget section */

/* Begin PBXProject section */
		D9FCB2161DD83A2C00AF6BB7 /* Project object */ = {
			isa = PBXProject;
			attributes = {
				LastSwiftUpdateCheck = 0810;
				LastUpgradeCheck = 0820;
				ORGANIZATIONNAME = "Mochi Apps";
				TargetAttributes = {
					D9FCB21D1DD83A2C00AF6BB7 = {
						CreatedOnToolsVersion = 8.1;
						DevelopmentTeam = RJETQ2A4J2;
						LastSwiftMigration = 0810;
						ProvisioningStyle = Automatic;
						SystemCapabilities = {
							com.apple.Keychain = {
								enabled = 1;
							};
							com.apple.Push = {
								enabled = 0;
							};
						};
					};
					D9FCB2311DD83A2C00AF6BB7 = {
						CreatedOnToolsVersion = 8.1;
						DevelopmentTeam = RJETQ2A4J2;
						LastSwiftMigration = 0810;
						ProvisioningStyle = Automatic;
						TestTargetID = D9FCB21D1DD83A2C00AF6BB7;
					};
					D9FCB23C1DD83A2C00AF6BB7 = {
						CreatedOnToolsVersion = 8.1;
						DevelopmentTeam = RJETQ2A4J2;
						LastSwiftMigration = 0810;
						ProvisioningStyle = Automatic;
						TestTargetID = D9FCB21D1DD83A2C00AF6BB7;
					};
				};
			};
			buildConfigurationList = D9FCB2191DD83A2C00AF6BB7 /* Build configuration list for PBXProject "Filhoops" */;
			compatibilityVersion = "Xcode 3.2";
			developmentRegion = English;
			hasScannedForEncodings = 0;
			knownRegions = (
				en,
				Base,
			);
			mainGroup = D9FCB2151DD83A2C00AF6BB7;
			productRefGroup = D9FCB21F1DD83A2C00AF6BB7 /* Products */;
			projectDirPath = "";
			projectRoot = "";
			targets = (
				D9FCB21D1DD83A2C00AF6BB7 /* Filhoops */,
				D9FCB2311DD83A2C00AF6BB7 /* FilhoopsTests */,
				D9FCB23C1DD83A2C00AF6BB7 /* FilhoopsUITests */,
			);
		};
/* End PBXProject section */

/* Begin PBXResourcesBuildPhase section */
		D9FCB21C1DD83A2C00AF6BB7 /* Resources */ = {
			isa = PBXResourcesBuildPhase;
			buildActionMask = 2147483647;
			files = (
				D9FCB22C1DD83A2C00AF6BB7 /* LaunchScreen.storyboard in Resources */,
				D91BD7CF1DD85784008F8EAE /* GoogleService-Info.plist in Resources */,
				D9FCB2291DD83A2C00AF6BB7 /* Assets.xcassets in Resources */,
				D9FCB2271DD83A2C00AF6BB7 /* Main.storyboard in Resources */,
			);
			runOnlyForDeploymentPostprocessing = 0;
		};
		D9FCB2301DD83A2C00AF6BB7 /* Resources */ = {
			isa = PBXResourcesBuildPhase;
			buildActionMask = 2147483647;
			files = (
			);
			runOnlyForDeploymentPostprocessing = 0;
		};
		D9FCB23B1DD83A2C00AF6BB7 /* Resources */ = {
			isa = PBXResourcesBuildPhase;
			buildActionMask = 2147483647;
			files = (
			);
			runOnlyForDeploymentPostprocessing = 0;
		};
/* End PBXResourcesBuildPhase section */

/* Begin PBXShellScriptBuildPhase section */
		0394663DE76754BB9437E83A /* [CP] Embed Pods Frameworks */ = {
			isa = PBXShellScriptBuildPhase;
			buildActionMask = 2147483647;
			files = (
			);
			inputPaths = (
			);
			name = "[CP] Embed Pods Frameworks";
			outputPaths = (
			);
			runOnlyForDeploymentPostprocessing = 0;
			shellPath = /bin/sh;
			shellScript = "\"${SRCROOT}/Pods/Target Support Files/Pods-Filhoops/Pods-Filhoops-frameworks.sh\"\n";
			showEnvVarsInLog = 0;
		};
		2219393D279CD50A808D6FE0 /* [CP] Check Pods Manifest.lock */ = {
			isa = PBXShellScriptBuildPhase;
			buildActionMask = 2147483647;
			files = (
			);
			inputPaths = (
			);
			name = "[CP] Check Pods Manifest.lock";
			outputPaths = (
			);
			runOnlyForDeploymentPostprocessing = 0;
			shellPath = /bin/sh;
			shellScript = "diff \"${PODS_ROOT}/../Podfile.lock\" \"${PODS_ROOT}/Manifest.lock\" > /dev/null\nif [[ $? != 0 ]] ; then\n    cat << EOM\nerror: The sandbox is not in sync with the Podfile.lock. Run 'pod install' or update your CocoaPods installation.\nEOM\n    exit 1\nfi\n";
			showEnvVarsInLog = 0;
		};
		26AC71133BEBB99AEF571D98 /* [CP] Copy Pods Resources */ = {
			isa = PBXShellScriptBuildPhase;
			buildActionMask = 2147483647;
			files = (
			);
			inputPaths = (
			);
			name = "[CP] Copy Pods Resources";
			outputPaths = (
			);
			runOnlyForDeploymentPostprocessing = 0;
			shellPath = /bin/sh;
			shellScript = "\"${SRCROOT}/Pods/Target Support Files/Pods-FilhoopsTests/Pods-FilhoopsTests-resources.sh\"\n";
			showEnvVarsInLog = 0;
		};
		61BB7E9EFC46ACE3FFE615E1 /* [CP] Check Pods Manifest.lock */ = {
			isa = PBXShellScriptBuildPhase;
			buildActionMask = 2147483647;
			files = (
			);
			inputPaths = (
			);
			name = "[CP] Check Pods Manifest.lock";
			outputPaths = (
			);
			runOnlyForDeploymentPostprocessing = 0;
			shellPath = /bin/sh;
			shellScript = "diff \"${PODS_ROOT}/../Podfile.lock\" \"${PODS_ROOT}/Manifest.lock\" > /dev/null\nif [[ $? != 0 ]] ; then\n    cat << EOM\nerror: The sandbox is not in sync with the Podfile.lock. Run 'pod install' or update your CocoaPods installation.\nEOM\n    exit 1\nfi\n";
			showEnvVarsInLog = 0;
		};
		9ADF74F548DE01536494C099 /* [CP] Copy Pods Resources */ = {
			isa = PBXShellScriptBuildPhase;
			buildActionMask = 2147483647;
			files = (
			);
			inputPaths = (
			);
			name = "[CP] Copy Pods Resources";
			outputPaths = (
			);
			runOnlyForDeploymentPostprocessing = 0;
			shellPath = /bin/sh;
			shellScript = "\"${SRCROOT}/Pods/Target Support Files/Pods-FilhoopsUITests/Pods-FilhoopsUITests-resources.sh\"\n";
			showEnvVarsInLog = 0;
		};
		A133B174D864068326AE6EC4 /* [CP] Copy Pods Resources */ = {
			isa = PBXShellScriptBuildPhase;
			buildActionMask = 2147483647;
			files = (
			);
			inputPaths = (
			);
			name = "[CP] Copy Pods Resources";
			outputPaths = (
			);
			runOnlyForDeploymentPostprocessing = 0;
			shellPath = /bin/sh;
			shellScript = "\"${SRCROOT}/Pods/Target Support Files/Pods-Filhoops/Pods-Filhoops-resources.sh\"\n";
			showEnvVarsInLog = 0;
		};
		B14A155333D1A523C90EDB37 /* [CP] Check Pods Manifest.lock */ = {
			isa = PBXShellScriptBuildPhase;
			buildActionMask = 2147483647;
			files = (
			);
			inputPaths = (
			);
			name = "[CP] Check Pods Manifest.lock";
			outputPaths = (
			);
			runOnlyForDeploymentPostprocessing = 0;
			shellPath = /bin/sh;
			shellScript = "diff \"${PODS_ROOT}/../Podfile.lock\" \"${PODS_ROOT}/Manifest.lock\" > /dev/null\nif [[ $? != 0 ]] ; then\n    cat << EOM\nerror: The sandbox is not in sync with the Podfile.lock. Run 'pod install' or update your CocoaPods installation.\nEOM\n    exit 1\nfi\n";
			showEnvVarsInLog = 0;
		};
		D57F00F6872F08031FA33E1E /* [CP] Embed Pods Frameworks */ = {
			isa = PBXShellScriptBuildPhase;
			buildActionMask = 2147483647;
			files = (
			);
			inputPaths = (
			);
			name = "[CP] Embed Pods Frameworks";
			outputPaths = (
			);
			runOnlyForDeploymentPostprocessing = 0;
			shellPath = /bin/sh;
			shellScript = "\"${SRCROOT}/Pods/Target Support Files/Pods-FilhoopsTests/Pods-FilhoopsTests-frameworks.sh\"\n";
			showEnvVarsInLog = 0;
		};
/* End PBXShellScriptBuildPhase section */

/* Begin PBXSourcesBuildPhase section */
		D9FCB21A1DD83A2C00AF6BB7 /* Sources */ = {
			isa = PBXSourcesBuildPhase;
			buildActionMask = 2147483647;
			files = (
				D98BCD131DFDA3EA004455F3 /* Game.swift in Sources */,
				D9C4DDAB1DEE49C3005D16E0 /* Collection+Ext.swift in Sources */,
				D93BD9D61DEA897600C12E45 /* RoundButton.swift in Sources */,
				D9C4DDA91DEE4209005D16E0 /* GameDataCell.swift in Sources */,
				D912BB411DE1048E00706DD0 /* HomeVC.swift in Sources */,
				D914BF9D1DF2F34B00837DBB /* Player.swift in Sources */,
				D9FCB2241DD83A2C00AF6BB7 /* LoginVC.swift in Sources */,
				D9B124DF1E0087260080182E /* AUTHCalendarVC.swift in Sources */,
				D966F7BE1DEA73EF0003D160 /* CustomTextField.swift in Sources */,
				D9B124E11E00873B0080182E /* AUTHAddGameVC.swift in Sources */,
				D9D8F4D31DFE0D1200BDAA6A /* AUTHAddTeamVC.swift in Sources */,
				D950BEBE1E0713070077ED1E /* AUTHPlayerCell.swift in Sources */,
				D9C4DDA51DED37DB005D16E0 /* CircleImageView.swift in Sources */,
				D92AFBF91DF2B38C008D2992 /* SignUpVC.swift in Sources */,
				D9A5674B1E25438E003F8757 /* LeaderboardsVC.swift in Sources */,
				D92AFBFB1DF2BE91008D2992 /* Team.swift in Sources */,
				D9C836C31DF24B2800263DBE /* TeamVC.swift in Sources */,
				D9577E131DFF4BCA00508CCA /* AUTHGameVC.swift in Sources */,
				D9E803551E01B68200711546 /* Date + Ext.swift in Sources */,
				D98BCD031DFD96CB004455F3 /* PlayerOfTheWeekVC.swift in Sources */,
				D94A38911DE11EFB00B239B2 /* TabBarVC.swift in Sources */,
				D9C836C11DF24B0B00263DBE /* PlayerCell.swift in Sources */,
				D91BB9901DF256C900C735DA /* TeamGameDataCell.swift in Sources */,
				D9C4DDA71DED4974005D16E0 /* CustomView.swift in Sources */,
				D9B02E0A1E01F8BC00042476 /* AUTHGameCell.swift in Sources */,
				D93BD9D41DEA765D00C12E45 /* CustomButton.swift in Sources */,
				D9C4DDA11DED36C8005D16E0 /* CircleView.swift in Sources */,
				D9A5674D1E255127003F8757 /* LeaderboardPlayerCell.swift in Sources */,
				D93BD9D11DEA74B600C12E45 /* Constants.swift in Sources */,
				D9FCB2221DD83A2C00AF6BB7 /* AppDelegate.swift in Sources */,
				D989648F1DE116CC00B3AD41 /* PlayerVC.swift in Sources */,
				D92A5F0F1DED1C46009AFFA1 /* DataService.swift in Sources */,
			);
			runOnlyForDeploymentPostprocessing = 0;
		};
		D9FCB22E1DD83A2C00AF6BB7 /* Sources */ = {
			isa = PBXSourcesBuildPhase;
			buildActionMask = 2147483647;
			files = (
			);
			runOnlyForDeploymentPostprocessing = 0;
		};
		D9FCB2391DD83A2C00AF6BB7 /* Sources */ = {
			isa = PBXSourcesBuildPhase;
			buildActionMask = 2147483647;
			files = (
				D9FCB2421DD83A2C00AF6BB7 /* FilhoopsUITests.swift in Sources */,
			);
			runOnlyForDeploymentPostprocessing = 0;
		};
/* End PBXSourcesBuildPhase section */

/* Begin PBXTargetDependency section */
		D9FCB2341DD83A2C00AF6BB7 /* PBXTargetDependency */ = {
			isa = PBXTargetDependency;
			target = D9FCB21D1DD83A2C00AF6BB7 /* Filhoops */;
			targetProxy = D9FCB2331DD83A2C00AF6BB7 /* PBXContainerItemProxy */;
		};
		D9FCB23F1DD83A2C00AF6BB7 /* PBXTargetDependency */ = {
			isa = PBXTargetDependency;
			target = D9FCB21D1DD83A2C00AF6BB7 /* Filhoops */;
			targetProxy = D9FCB23E1DD83A2C00AF6BB7 /* PBXContainerItemProxy */;
		};
/* End PBXTargetDependency section */

/* Begin PBXVariantGroup section */
		D9FCB2251DD83A2C00AF6BB7 /* Main.storyboard */ = {
			isa = PBXVariantGroup;
			children = (
				D9FCB2261DD83A2C00AF6BB7 /* Base */,
			);
			name = Main.storyboard;
			sourceTree = "<group>";
		};
		D9FCB22A1DD83A2C00AF6BB7 /* LaunchScreen.storyboard */ = {
			isa = PBXVariantGroup;
			children = (
				D9FCB22B1DD83A2C00AF6BB7 /* Base */,
			);
			name = LaunchScreen.storyboard;
			sourceTree = "<group>";
		};
/* End PBXVariantGroup section */

/* Begin XCBuildConfiguration section */
		D9FCB2441DD83A2C00AF6BB7 /* Debug */ = {
			isa = XCBuildConfiguration;
			buildSettings = {
				ALWAYS_SEARCH_USER_PATHS = NO;
				CLANG_ANALYZER_NONNULL = YES;
				CLANG_CXX_LANGUAGE_STANDARD = "gnu++0x";
				CLANG_CXX_LIBRARY = "libc++";
				CLANG_ENABLE_MODULES = YES;
				CLANG_ENABLE_OBJC_ARC = YES;
				CLANG_WARN_BOOL_CONVERSION = YES;
				CLANG_WARN_CONSTANT_CONVERSION = YES;
				CLANG_WARN_DIRECT_OBJC_ISA_USAGE = YES_ERROR;
				CLANG_WARN_DOCUMENTATION_COMMENTS = YES;
				CLANG_WARN_EMPTY_BODY = YES;
				CLANG_WARN_ENUM_CONVERSION = YES;
				CLANG_WARN_INFINITE_RECURSION = YES;
				CLANG_WARN_INT_CONVERSION = YES;
				CLANG_WARN_OBJC_ROOT_CLASS = YES_ERROR;
				CLANG_WARN_SUSPICIOUS_MOVE = YES;
				CLANG_WARN_SUSPICIOUS_MOVES = YES;
				CLANG_WARN_UNREACHABLE_CODE = YES;
				CLANG_WARN__DUPLICATE_METHOD_MATCH = YES;
				CODE_SIGN_IDENTITY = "iPhone Developer";
				"CODE_SIGN_IDENTITY[sdk=iphoneos*]" = "iPhone Developer";
				COPY_PHASE_STRIP = NO;
				DEBUG_INFORMATION_FORMAT = dwarf;
				DEVELOPMENT_TEAM = RJETQ2A4J2;
				ENABLE_STRICT_OBJC_MSGSEND = YES;
				ENABLE_TESTABILITY = YES;
				GCC_C_LANGUAGE_STANDARD = gnu99;
				GCC_DYNAMIC_NO_PIC = NO;
				GCC_NO_COMMON_BLOCKS = YES;
				GCC_OPTIMIZATION_LEVEL = 0;
				GCC_PREPROCESSOR_DEFINITIONS = (
					"DEBUG=1",
					"$(inherited)",
				);
				GCC_WARN_64_TO_32_BIT_CONVERSION = YES;
				GCC_WARN_ABOUT_RETURN_TYPE = YES_ERROR;
				GCC_WARN_UNDECLARED_SELECTOR = YES;
				GCC_WARN_UNINITIALIZED_AUTOS = YES_AGGRESSIVE;
				GCC_WARN_UNUSED_FUNCTION = YES;
				GCC_WARN_UNUSED_VARIABLE = YES;
				IPHONEOS_DEPLOYMENT_TARGET = 9.0;
				MTL_ENABLE_DEBUG_INFO = YES;
				ONLY_ACTIVE_ARCH = YES;
				SDKROOT = iphoneos;
				SWIFT_ACTIVE_COMPILATION_CONDITIONS = DEBUG;
				SWIFT_OPTIMIZATION_LEVEL = "-Onone";
				TARGETED_DEVICE_FAMILY = "1,2";
			};
			name = Debug;
		};
		D9FCB2451DD83A2C00AF6BB7 /* Release */ = {
			isa = XCBuildConfiguration;
			buildSettings = {
				ALWAYS_SEARCH_USER_PATHS = NO;
				CLANG_ANALYZER_NONNULL = YES;
				CLANG_CXX_LANGUAGE_STANDARD = "gnu++0x";
				CLANG_CXX_LIBRARY = "libc++";
				CLANG_ENABLE_MODULES = YES;
				CLANG_ENABLE_OBJC_ARC = YES;
				CLANG_WARN_BOOL_CONVERSION = YES;
				CLANG_WARN_CONSTANT_CONVERSION = YES;
				CLANG_WARN_DIRECT_OBJC_ISA_USAGE = YES_ERROR;
				CLANG_WARN_DOCUMENTATION_COMMENTS = YES;
				CLANG_WARN_EMPTY_BODY = YES;
				CLANG_WARN_ENUM_CONVERSION = YES;
				CLANG_WARN_INFINITE_RECURSION = YES;
				CLANG_WARN_INT_CONVERSION = YES;
				CLANG_WARN_OBJC_ROOT_CLASS = YES_ERROR;
				CLANG_WARN_SUSPICIOUS_MOVE = YES;
				CLANG_WARN_SUSPICIOUS_MOVES = YES;
				CLANG_WARN_UNREACHABLE_CODE = YES;
				CLANG_WARN__DUPLICATE_METHOD_MATCH = YES;
				CODE_SIGN_IDENTITY = "iPhone Developer";
				"CODE_SIGN_IDENTITY[sdk=iphoneos*]" = "iPhone Developer";
				COPY_PHASE_STRIP = NO;
				DEBUG_INFORMATION_FORMAT = "dwarf-with-dsym";
				DEVELOPMENT_TEAM = RJETQ2A4J2;
				ENABLE_NS_ASSERTIONS = NO;
				ENABLE_STRICT_OBJC_MSGSEND = YES;
				GCC_C_LANGUAGE_STANDARD = gnu99;
				GCC_NO_COMMON_BLOCKS = YES;
				GCC_WARN_64_TO_32_BIT_CONVERSION = YES;
				GCC_WARN_ABOUT_RETURN_TYPE = YES_ERROR;
				GCC_WARN_UNDECLARED_SELECTOR = YES;
				GCC_WARN_UNINITIALIZED_AUTOS = YES_AGGRESSIVE;
				GCC_WARN_UNUSED_FUNCTION = YES;
				GCC_WARN_UNUSED_VARIABLE = YES;
				IPHONEOS_DEPLOYMENT_TARGET = 9.0;
				MTL_ENABLE_DEBUG_INFO = NO;
				SDKROOT = iphoneos;
				SWIFT_OPTIMIZATION_LEVEL = "-Owholemodule";
				TARGETED_DEVICE_FAMILY = "1,2";
				VALIDATE_PRODUCT = YES;
			};
			name = Release;
		};
		D9FCB2471DD83A2C00AF6BB7 /* Debug */ = {
			isa = XCBuildConfiguration;
			baseConfigurationReference = A8CAFE8F90F108AEC1F482E4 /* Pods-Filhoops.debug.xcconfig */;
			buildSettings = {
				ALWAYS_EMBED_SWIFT_STANDARD_LIBRARIES = YES;
				ASSETCATALOG_COMPILER_APPICON_NAME = AppIcon;
				CODE_SIGN_ENTITLEMENTS = Filhoops/Filhoops.entitlements;
				CODE_SIGN_IDENTITY = "";
				"CODE_SIGN_IDENTITY[sdk=iphoneos*]" = "iPhone Developer";
				DEVELOPMENT_TEAM = RJETQ2A4J2;
				INFOPLIST_FILE = Filhoops/Info.plist;
				LD_RUNPATH_SEARCH_PATHS = "$(inherited) @executable_path/Frameworks";
				PRODUCT_BUNDLE_IDENTIFIER = com.mochi.Filhoops;
				PRODUCT_NAME = "$(TARGET_NAME)";
				SWIFT_VERSION = 3.0;
				TARGETED_DEVICE_FAMILY = 1;
			};
			name = Debug;
		};
		D9FCB2481DD83A2C00AF6BB7 /* Release */ = {
			isa = XCBuildConfiguration;
			baseConfigurationReference = 9C7472E31CE46E39D267AD81 /* Pods-Filhoops.release.xcconfig */;
			buildSettings = {
				ALWAYS_EMBED_SWIFT_STANDARD_LIBRARIES = YES;
				ASSETCATALOG_COMPILER_APPICON_NAME = AppIcon;
				CODE_SIGN_ENTITLEMENTS = Filhoops/Filhoops.entitlements;
				CODE_SIGN_IDENTITY = "";
				"CODE_SIGN_IDENTITY[sdk=iphoneos*]" = "iPhone Developer";
				DEVELOPMENT_TEAM = RJETQ2A4J2;
				INFOPLIST_FILE = Filhoops/Info.plist;
				LD_RUNPATH_SEARCH_PATHS = "$(inherited) @executable_path/Frameworks";
				PRODUCT_BUNDLE_IDENTIFIER = com.mochi.Filhoops;
				PRODUCT_NAME = "$(TARGET_NAME)";
				SWIFT_VERSION = 3.0;
				TARGETED_DEVICE_FAMILY = 1;
			};
			name = Release;
		};
		D9FCB24A1DD83A2C00AF6BB7 /* Debug */ = {
			isa = XCBuildConfiguration;
			baseConfigurationReference = B7015616C2CD000C228E6AC6 /* Pods-FilhoopsTests.debug.xcconfig */;
			buildSettings = {
				ALWAYS_EMBED_SWIFT_STANDARD_LIBRARIES = YES;
				BUNDLE_LOADER = "$(TEST_HOST)";
				DEVELOPMENT_TEAM = RJETQ2A4J2;
				INFOPLIST_FILE = FilhoopsTests/Info.plist;
				LD_RUNPATH_SEARCH_PATHS = "$(inherited) @executable_path/Frameworks @loader_path/Frameworks";
				PRODUCT_BUNDLE_IDENTIFIER = com.mochi.FilhoopsTests;
				PRODUCT_NAME = "$(TARGET_NAME)";
				SWIFT_VERSION = 3.0;
				TEST_HOST = "$(BUILT_PRODUCTS_DIR)/Filhoops.app/Filhoops";
			};
			name = Debug;
		};
		D9FCB24B1DD83A2C00AF6BB7 /* Release */ = {
			isa = XCBuildConfiguration;
			baseConfigurationReference = 36E405CC2EB6B24EF62947A2 /* Pods-FilhoopsTests.release.xcconfig */;
			buildSettings = {
				ALWAYS_EMBED_SWIFT_STANDARD_LIBRARIES = YES;
				BUNDLE_LOADER = "$(TEST_HOST)";
				DEVELOPMENT_TEAM = RJETQ2A4J2;
				INFOPLIST_FILE = FilhoopsTests/Info.plist;
				LD_RUNPATH_SEARCH_PATHS = "$(inherited) @executable_path/Frameworks @loader_path/Frameworks";
				PRODUCT_BUNDLE_IDENTIFIER = com.mochi.FilhoopsTests;
				PRODUCT_NAME = "$(TARGET_NAME)";
				SWIFT_VERSION = 3.0;
				TEST_HOST = "$(BUILT_PRODUCTS_DIR)/Filhoops.app/Filhoops";
			};
			name = Release;
		};
		D9FCB24D1DD83A2C00AF6BB7 /* Debug */ = {
			isa = XCBuildConfiguration;
			baseConfigurationReference = DDFC9F2F79C3D28FED99E6AD /* Pods-FilhoopsUITests.debug.xcconfig */;
			buildSettings = {
				ALWAYS_EMBED_SWIFT_STANDARD_LIBRARIES = YES;
				DEVELOPMENT_TEAM = RJETQ2A4J2;
				INFOPLIST_FILE = FilhoopsUITests/Info.plist;
				LD_RUNPATH_SEARCH_PATHS = "$(inherited) @executable_path/Frameworks @loader_path/Frameworks";
				PRODUCT_BUNDLE_IDENTIFIER = com.mochi.FilhoopsUITests;
				PRODUCT_NAME = "$(TARGET_NAME)";
				SWIFT_VERSION = 3.0;
				TEST_TARGET_NAME = Filhoops;
			};
			name = Debug;
		};
		D9FCB24E1DD83A2C00AF6BB7 /* Release */ = {
			isa = XCBuildConfiguration;
			baseConfigurationReference = 30F50BCB011E37A7468669C2 /* Pods-FilhoopsUITests.release.xcconfig */;
			buildSettings = {
				ALWAYS_EMBED_SWIFT_STANDARD_LIBRARIES = YES;
				DEVELOPMENT_TEAM = RJETQ2A4J2;
				INFOPLIST_FILE = FilhoopsUITests/Info.plist;
				LD_RUNPATH_SEARCH_PATHS = "$(inherited) @executable_path/Frameworks @loader_path/Frameworks";
				PRODUCT_BUNDLE_IDENTIFIER = com.mochi.FilhoopsUITests;
				PRODUCT_NAME = "$(TARGET_NAME)";
				SWIFT_VERSION = 3.0;
				TEST_TARGET_NAME = Filhoops;
			};
			name = Release;
		};
/* End XCBuildConfiguration section */

/* Begin XCConfigurationList section */
		D9FCB2191DD83A2C00AF6BB7 /* Build configuration list for PBXProject "Filhoops" */ = {
			isa = XCConfigurationList;
			buildConfigurations = (
				D9FCB2441DD83A2C00AF6BB7 /* Debug */,
				D9FCB2451DD83A2C00AF6BB7 /* Release */,
			);
			defaultConfigurationIsVisible = 0;
			defaultConfigurationName = Release;
		};
		D9FCB2461DD83A2C00AF6BB7 /* Build configuration list for PBXNativeTarget "Filhoops" */ = {
			isa = XCConfigurationList;
			buildConfigurations = (
				D9FCB2471DD83A2C00AF6BB7 /* Debug */,
				D9FCB2481DD83A2C00AF6BB7 /* Release */,
			);
			defaultConfigurationIsVisible = 0;
			defaultConfigurationName = Release;
		};
		D9FCB2491DD83A2C00AF6BB7 /* Build configuration list for PBXNativeTarget "FilhoopsTests" */ = {
			isa = XCConfigurationList;
			buildConfigurations = (
				D9FCB24A1DD83A2C00AF6BB7 /* Debug */,
				D9FCB24B1DD83A2C00AF6BB7 /* Release */,
			);
			defaultConfigurationIsVisible = 0;
			defaultConfigurationName = Release;
		};
		D9FCB24C1DD83A2C00AF6BB7 /* Build configuration list for PBXNativeTarget "FilhoopsUITests" */ = {
			isa = XCConfigurationList;
			buildConfigurations = (
				D9FCB24D1DD83A2C00AF6BB7 /* Debug */,
				D9FCB24E1DD83A2C00AF6BB7 /* Release */,
			);
			defaultConfigurationIsVisible = 0;
			defaultConfigurationName = Release;
		};
/* End XCConfigurationList section */
	};
	rootObject = D9FCB2161DD83A2C00AF6BB7 /* Project object */;
}
